{
  "originHash" : "7898b6d14ad97938fe2981592ac47300d6387c92f688473d409b9a28803beb6b",
  "pins" : [
    {
      "identity" : "tomlkit",
      "kind" : "remoteSourceControl",
      "location" : "https://github.com/LebJe/TOMLKit.git",
      "state" : {
        "revision" : "ec6198d37d495efc6acd4dffbd262cdca7ff9b3f",
        "version" : "0.6.0"
      }
    }
  ],
  "version" : 3
}
